
Microsoft Visual Studio Solution File, Format Version 12.00
# Visual Studio Version 17
VisualStudioVersion = 17.13.35617.110
MinimumVisualStudioVersion = 10.0.40219.1
Project("{FAE04EC0-301F-11D3-BF4B-00C04F79EFBC}") = "SideBar", "SideBar\SideBar.csproj", "{8F9DDC2F-C4D9-48AE-991A-64BBE2F4CAD0}"
EndProject
Project("{FAE04EC0-301F-11D3-BF4B-00C04F79EFBC}") = "SideBar.Components", "SideBar.Components\SideBar.Components.csproj", "{BCE8B52E-C529-430C-B2D6-87D7A12EACA4}"
EndProject
Global
	GlobalSection(SolutionConfigurationPlatforms) = preSolution
		Debug|Any CPU = Debug|Any CPU
		Release|Any CPU = Release|Any CPU
	EndGlobalSection
	GlobalSection(ProjectConfigurationPlatforms) = postSolution
		{8F9DDC2F-C4D9-48AE-991A-64BBE2F4CAD0}.Debug|Any CPU.ActiveCfg = Debug|Any CPU
		{8F9DDC2F-C4D9-48AE-991A-64BBE2F4CAD0}.Debug|Any CPU.Build.0 = Debug|Any CPU
		{8F9DDC2F-C4D9-48AE-991A-64BBE2F4CAD0}.Release|Any CPU.ActiveCfg = Release|Any CPU
		{8F9DDC2F-C4D9-48AE-991A-64BBE2F4CAD0}.Release|Any CPU.Build.0 = Release|Any CPU
		{BCE8B52E-C529-430C-B2D6-87D7A12EACA4}.Debug|Any CPU.ActiveCfg = Debug|Any CPU
		{BCE8B52E-C529-430C-B2D6-87D7A12EACA4}.Debug|Any CPU.Build.0 = Debug|Any CPU
		{BCE8B52E-C529-430C-B2D6-87D7A12EACA4}.Release|Any CPU.ActiveCfg = Release|Any CPU
		{BCE8B52E-C529-430C-B2D6-87D7A12EACA4}.Release|Any CPU.Build.0 = Release|Any CPU
	EndGlobalSection
	GlobalSection(SolutionProperties) = preSolution
		HideSolutionNode = FALSE
	EndGlobalSection
	GlobalSection(ExtensibilityGlobals) = postSolution
		SolutionGuid = {A4D66D39-71FF-4E97-8DB6-6A6F326586D7}
	EndGlobalSection
EndGlobal
